Microsoft Visual Studio Solution File, Format Version 12.00
# Visual Studio 2012
Project("{FAE04EC0-301F-11D3-BF4B-00C04F79EFBC}") = "Slotsmaskine", "Slotsmaskine.csproj", "{536B518D-6D6A-44E9-98F1-041F8D84E757}"
EndProject
Global
	GlobalSection(SolutionConfigurationPlatforms) = preSolution
	Debug|Any CPU = Debug|Any CPU
	ExportDebug|Any CPU = ExportDebug|Any CPU
	ExportRelease|Any CPU = ExportRelease|Any CPU
	EndGlobalSection
	GlobalSection(ProjectConfigurationPlatforms) = postSolution
		{536B518D-6D6A-44E9-98F1-041F8D84E757}.Debug|Any CPU.ActiveCfg = Debug|Any CPU
		{536B518D-6D6A-44E9-98F1-041F8D84E757}.Debug|Any CPU.Build.0 = Debug|Any CPU
		{536B518D-6D6A-44E9-98F1-041F8D84E757}.ExportDebug|Any CPU.ActiveCfg = ExportDebug|Any CPU
		{536B518D-6D6A-44E9-98F1-041F8D84E757}.ExportDebug|Any CPU.Build.0 = ExportDebug|Any CPU
		{536B518D-6D6A-44E9-98F1-041F8D84E757}.ExportRelease|Any CPU.ActiveCfg = ExportRelease|Any CPU
		{536B518D-6D6A-44E9-98F1-041F8D84E757}.ExportRelease|Any CPU.Build.0 = ExportRelease|Any CPU
	EndGlobalSection
EndGlobal
